
Microsoft Visual Studio Solution File, Format Version 12.00
# Visual Studio Version 17
VisualStudioVersion = 17.1.32210.238
MinimumVisualStudioVersion = 10.0.40219.1
Project("{FAE04EC0-301F-11D3-BF4B-00C04F79EFBC}") = "MoodAnalyzerProblem", "MoodAnalyzerProblem\MoodAnalyzerProblem.csproj", "{1140A7CA-4226-42B9-ACBA-E324F187DE43}"
EndProject
Project("{FAE04EC0-301F-11D3-BF4B-00C04F79EFBC}") = "MoodAnalyzerUnitTest", "MoodAnalyzerProblemUnitTest\MoodAnalyzerUnitTest.csproj", "{5DA573B0-BFDB-442E-A554-3C06E2BD175B}"
EndProject
Global
	GlobalSection(SolutionConfigurationPlatforms) = preSolution
		Debug|Any CPU = Debug|Any CPU
		Release|Any CPU = Release|Any CPU
	EndGlobalSection
	GlobalSection(ProjectConfigurationPlatforms) = postSolution
		{1140A7CA-4226-42B9-ACBA-E324F187DE43}.Debug|Any CPU.ActiveCfg = Debug|Any CPU
		{1140A7CA-4226-42B9-ACBA-E324F187DE43}.Debug|Any CPU.Build.0 = Debug|Any CPU
		{1140A7CA-4226-42B9-ACBA-E324F187DE43}.Release|Any CPU.ActiveCfg = Release|Any CPU
		{1140A7CA-4226-42B9-ACBA-E324F187DE43}.Release|Any CPU.Build.0 = Release|Any CPU
		{5DA573B0-BFDB-442E-A554-3C06E2BD175B}.Debug|Any CPU.ActiveCfg = Debug|Any CPU
		{5DA573B0-BFDB-442E-A554-3C06E2BD175B}.Debug|Any CPU.Build.0 = Debug|Any CPU
		{5DA573B0-BFDB-442E-A554-3C06E2BD175B}.Release|Any CPU.ActiveCfg = Release|Any CPU
		{5DA573B0-BFDB-442E-A554-3C06E2BD175B}.Release|Any CPU.Build.0 = Release|Any CPU
	EndGlobalSection
	GlobalSection(SolutionProperties) = preSolution
		HideSolutionNode = FALSE
	EndGlobalSection
	GlobalSection(ExtensibilityGlobals) = postSolution
		SolutionGuid = {FE846CEE-561C-4978-BD69-0E9CCA04F80E}
	EndGlobalSection
EndGlobal
